
Microsoft Visual Studio Solution File, Format Version 12.00
# Visual Studio Version 16
VisualStudioVersion = 16.0.31729.503
MinimumVisualStudioVersion = 10.0.40219.1
Project("{FAE04EC0-301F-11D3-BF4B-00C04F79EFBC}") = "Vaccination_Drive", "Vaccination_Drive\Vaccination_Drive.csproj", "{BA2F83DA-3FB2-449A-B64B-0ED827ECDAC8}"
EndProject
Global
	GlobalSection(SolutionConfigurationPlatforms) = preSolution
		Debug|Any CPU = Debug|Any CPU
		Release|Any CPU = Release|Any CPU
	EndGlobalSection
	GlobalSection(ProjectConfigurationPlatforms) = postSolution
		{BA2F83DA-3FB2-449A-B64B-0ED827ECDAC8}.Debug|Any CPU.ActiveCfg = Debug|Any CPU
		{BA2F83DA-3FB2-449A-B64B-0ED827ECDAC8}.Debug|Any CPU.Build.0 = Debug|Any CPU
		{BA2F83DA-3FB2-449A-B64B-0ED827ECDAC8}.Release|Any CPU.ActiveCfg = Release|Any CPU
		{BA2F83DA-3FB2-449A-B64B-0ED827ECDAC8}.Release|Any CPU.Build.0 = Release|Any CPU
	EndGlobalSection
	GlobalSection(SolutionProperties) = preSolution
		HideSolutionNode = FALSE
	EndGlobalSection
	GlobalSection(ExtensibilityGlobals) = postSolution
		SolutionGuid = {0194392E-7FB9-4F3C-AEAF-4A6756116EE6}
	EndGlobalSection
EndGlobal
